
Microsoft Visual Studio Solution File, Format Version 12.00
# Visual Studio Version 17
VisualStudioVersion = 17.0.31423.177
MinimumVisualStudioVersion = 10.0.40219.1
Project("{9A19103F-16F7-4668-BE54-9A1E7A4F7556}") = "Panosen.Transactions", "Panosen.Transactions\Panosen.Transactions.csproj", "{ECF7AD71-EDF0-41C7-B38E-ECE9122F6CDD}"
EndProject
Project("{9A19103F-16F7-4668-BE54-9A1E7A4F7556}") = "Panosen.Transactions.MSTest", "Panosen.Transactions.MSTest\Panosen.Transactions.MSTest.csproj", "{9EEF180D-5F6E-4C90-B81A-1D7508F7DAED}"
EndProject
Project("{FAE04EC0-301F-11D3-BF4B-00C04F79EFBC}") = "Panosen.Transactions.Sample", "Panosen.Transactions.Sample\Panosen.Transactions.Sample.csproj", "{9DA1A30C-47E0-401D-8865-9AEA2B7DDB28}"
EndProject
Global
	GlobalSection(SolutionConfigurationPlatforms) = preSolution
		Debug|Any CPU = Debug|Any CPU
		Release|Any CPU = Release|Any CPU
	EndGlobalSection
	GlobalSection(ProjectConfigurationPlatforms) = postSolution
		{ECF7AD71-EDF0-41C7-B38E-ECE9122F6CDD}.Debug|Any CPU.ActiveCfg = Debug|Any CPU
		{ECF7AD71-EDF0-41C7-B38E-ECE9122F6CDD}.Debug|Any CPU.Build.0 = Debug|Any CPU
		{ECF7AD71-EDF0-41C7-B38E-ECE9122F6CDD}.Release|Any CPU.ActiveCfg = Release|Any CPU
		{ECF7AD71-EDF0-41C7-B38E-ECE9122F6CDD}.Release|Any CPU.Build.0 = Release|Any CPU
		{9EEF180D-5F6E-4C90-B81A-1D7508F7DAED}.Debug|Any CPU.ActiveCfg = Debug|Any CPU
		{9EEF180D-5F6E-4C90-B81A-1D7508F7DAED}.Debug|Any CPU.Build.0 = Debug|Any CPU
		{9EEF180D-5F6E-4C90-B81A-1D7508F7DAED}.Release|Any CPU.ActiveCfg = Release|Any CPU
		{9EEF180D-5F6E-4C90-B81A-1D7508F7DAED}.Release|Any CPU.Build.0 = Release|Any CPU
		{9DA1A30C-47E0-401D-8865-9AEA2B7DDB28}.Debug|Any CPU.ActiveCfg = Debug|Any CPU
		{9DA1A30C-47E0-401D-8865-9AEA2B7DDB28}.Debug|Any CPU.Build.0 = Debug|Any CPU
		{9DA1A30C-47E0-401D-8865-9AEA2B7DDB28}.Release|Any CPU.ActiveCfg = Release|Any CPU
		{9DA1A30C-47E0-401D-8865-9AEA2B7DDB28}.Release|Any CPU.Build.0 = Release|Any CPU
	EndGlobalSection
	GlobalSection(SolutionProperties) = preSolution
		HideSolutionNode = FALSE
	EndGlobalSection
	GlobalSection(ExtensibilityGlobals) = postSolution
		SolutionGuid = {54A0F440-E233-421C-BC01-27C21C8EC480}
	EndGlobalSection
EndGlobal
